
Microsoft Visual Studio Solution File, Format Version 12.00
# Visual Studio Version 16
VisualStudioVersion = 16.0.30406.217
MinimumVisualStudioVersion = 10.0.40219.1
Project("{FAE04EC0-301F-11D3-BF4B-00C04F79EFBC}") = "SortingAlgorithms", "SortingAlgorithms\SortingAlgorithms.csproj", "{C0E487BD-338E-48C6-B576-28B45504EA22}"
EndProject
Global
	GlobalSection(SolutionConfigurationPlatforms) = preSolution
		Debug|Any CPU = Debug|Any CPU
		Release|Any CPU = Release|Any CPU
	EndGlobalSection
	GlobalSection(ProjectConfigurationPlatforms) = postSolution
		{C0E487BD-338E-48C6-B576-28B45504EA22}.Debug|Any CPU.ActiveCfg = Debug|Any CPU
		{C0E487BD-338E-48C6-B576-28B45504EA22}.Debug|Any CPU.Build.0 = Debug|Any CPU
		{C0E487BD-338E-48C6-B576-28B45504EA22}.Release|Any CPU.ActiveCfg = Release|Any CPU
		{C0E487BD-338E-48C6-B576-28B45504EA22}.Release|Any CPU.Build.0 = Release|Any CPU
	EndGlobalSection
	GlobalSection(SolutionProperties) = preSolution
		HideSolutionNode = FALSE
	EndGlobalSection
	GlobalSection(ExtensibilityGlobals) = postSolution
		SolutionGuid = {C9ACF90E-BD71-4614-968E-752106109BD3}
	EndGlobalSection
EndGlobal
